
Microsoft Visual Studio Solution File, Format Version 12.00
# Visual Studio Version 17
VisualStudioVersion = 17.5.002.0
MinimumVisualStudioVersion = 10.0.40219.1
Project("{9A19103F-16F7-4668-BE54-9A1E7A4F7556}") = "prom", "prom.csproj", "{E94A38E4-0EC1-40CE-A621-187A4C17CE6D}"
EndProject
Global
	GlobalSection(SolutionConfigurationPlatforms) = preSolution
		Debug|Any CPU = Debug|Any CPU
		Release|Any CPU = Release|Any CPU
	EndGlobalSection
	GlobalSection(ProjectConfigurationPlatforms) = postSolution
		{E94A38E4-0EC1-40CE-A621-187A4C17CE6D}.Debug|Any CPU.ActiveCfg = Debug|Any CPU
		{E94A38E4-0EC1-40CE-A621-187A4C17CE6D}.Debug|Any CPU.Build.0 = Debug|Any CPU
		{E94A38E4-0EC1-40CE-A621-187A4C17CE6D}.Release|Any CPU.ActiveCfg = Release|Any CPU
		{E94A38E4-0EC1-40CE-A621-187A4C17CE6D}.Release|Any CPU.Build.0 = Release|Any CPU
	EndGlobalSection
	GlobalSection(SolutionProperties) = preSolution
		HideSolutionNode = FALSE
	EndGlobalSection
	GlobalSection(ExtensibilityGlobals) = postSolution
		SolutionGuid = {3C3322EC-CEC6-4599-98CC-AC037717A498}
	EndGlobalSection
EndGlobal
